
Microsoft Visual Studio Solution File, Format Version 12.00
# Visual Studio 15
VisualStudioVersion = 15.0.27130.2027
MinimumVisualStudioVersion = 10.0.40219.1
Project("{FAE04EC0-301F-11D3-BF4B-00C04F79EFBC}") = "xml序列化", "xml序列化\xml序列化.csproj", "{1934549C-D76F-4FFC-A9CC-3B7DFF73A462}"
EndProject
Global
	GlobalSection(SolutionConfigurationPlatforms) = preSolution
		Debug|Any CPU = Debug|Any CPU
		Release|Any CPU = Release|Any CPU
	EndGlobalSection
	GlobalSection(ProjectConfigurationPlatforms) = postSolution
		{1934549C-D76F-4FFC-A9CC-3B7DFF73A462}.Debug|Any CPU.ActiveCfg = Debug|Any CPU
		{1934549C-D76F-4FFC-A9CC-3B7DFF73A462}.Debug|Any CPU.Build.0 = Debug|Any CPU
		{1934549C-D76F-4FFC-A9CC-3B7DFF73A462}.Release|Any CPU.ActiveCfg = Release|Any CPU
		{1934549C-D76F-4FFC-A9CC-3B7DFF73A462}.Release|Any CPU.Build.0 = Release|Any CPU
	EndGlobalSection
	GlobalSection(SolutionProperties) = preSolution
		HideSolutionNode = FALSE
	EndGlobalSection
	GlobalSection(ExtensibilityGlobals) = postSolution
		SolutionGuid = {9501D361-912E-4183-AA7D-F333895F4991}
	EndGlobalSection
EndGlobal
